
Microsoft Visual Studio Solution File, Format Version 12.00
# Visual Studio Version 17
VisualStudioVersion = 17.0.32112.339
MinimumVisualStudioVersion = 10.0.40219.1
Project("{2150E333-8FDC-42A3-9474-1A3956D46DE8}") = "apps", "apps", "{BA85A50D-1C2E-44CD-A0E6-D551B8BF5893}"
EndProject
Project("{2150E333-8FDC-42A3-9474-1A3956D46DE8}") = "libs", "libs", "{59937DC5-0A8E-4962-961E-36469B11540A}"
EndProject
Project("{2150E333-8FDC-42A3-9474-1A3956D46DE8}") = "Solution Items", "Solution Items", "{436C6A80-DDE1-485E-92E7-1DD9ECEF5E13}"
	ProjectSection(SolutionItems) = preProject
		.editorconfig = .editorconfig
		.gitignore = .gitignore
		NuGet.config = NuGet.config
		readme.md = readme.md
	EndProjectSection
EndProject
Project("{2150E333-8FDC-42A3-9474-1A3956D46DE8}") = "data", "data", "{0DBE9519-55A3-49D0-96C6-7A2307185BFF}"
EndProject
Project("{9A19103F-16F7-4668-BE54-9A1E7A4F7556}") = "iVectorOne-Search-Api", "src\iVectorOne-Search-Api\iVectorOne-Search-Api.csproj", "{D279E69A-B2B1-4F94-AE3F-A1A8BAEADDBC}"
EndProject
Project("{9A19103F-16F7-4668-BE54-9A1E7A4F7556}") = "iVectorOne.Abstractions", "src\libs\iVectorOne.Abstractions\iVectorOne.Abstractions.csproj", "{299BE877-52A7-4601-8E94-BF1E9D2871D9}"
EndProject
Project("{9A19103F-16F7-4668-BE54-9A1E7A4F7556}") = "iVectorOne.Suppliers", "src\libs\iVectorOne.Suppliers\iVectorOne.Suppliers.csproj", "{02A2810C-FA55-42E3-90A2-EF4BC2276A0C}"
EndProject
Project("{9A19103F-16F7-4668-BE54-9A1E7A4F7556}") = "iVectorOne.Service", "src\libs\iVectorOne.Service\iVectorOne.Service.csproj", "{22E95967-E2AD-42A5-8C2E-5EFC8ADDB21A}"
EndProject
Project("{00D1A9C2-B5F0-4AF3-8072-F6C62B433612}") = "iVectorOne", "data\iVectorOne\iVectorOne.sqlproj", "{ED91DB50-23E7-4513-8B15-3657B43E22D8}"
EndProject
Project("{2150E333-8FDC-42A3-9474-1A3956D46DE8}") = "tests", "tests", "{E8DCDF11-7AFC-476A-8966-D4EAD0B51CB1}"
EndProject
Project("{9A19103F-16F7-4668-BE54-9A1E7A4F7556}") = "iVectorOne-Content-Api", "src\iVectorOne-Content-Api\iVectorOne-Content-Api.csproj", "{82148A50-7061-4471-B8E7-D02D8325BE68}"
EndProject
Project("{9A19103F-16F7-4668-BE54-9A1E7A4F7556}") = "iVectorOne.Web", "src\libs\iVectorOne.Web\iVectorOne.Web.csproj", "{302FE861-7DA8-49CB-8766-0D19DFE6CC87}"
EndProject
Project("{9A19103F-16F7-4668-BE54-9A1E7A4F7556}") = "iVectorOne-Book-Api", "src\iVectorOne-Book-Api\iVectorOne-Book-Api.csproj", "{C880A92D-E1CF-4309-8EFE-A05B573A1D76}"
EndProject
Project("{9A19103F-16F7-4668-BE54-9A1E7A4F7556}") = "iVectorOne-Admin-Api-BuildTests", "tests\iVectorOne-Admin-Api-BuildTests\iVectorOne-Admin-Api-BuildTests.csproj", "{81FEEFF3-A9CD-42DE-A78C-B03D18F9C477}"
EndProject
Project("{9A19103F-16F7-4668-BE54-9A1E7A4F7556}") = "iVectorOne-Book-Api-BuildTests", "tests\iVectorOne-Book-Api-BuildTests\iVectorOne-Book-Api-BuildTests.csproj", "{F4CCCDC6-722C-4B87-81AD-14A25A23B75B}"
EndProject
Project("{9A19103F-16F7-4668-BE54-9A1E7A4F7556}") = "iVectorOne-Search-Api-BuildTests", "tests\iVectorOne-Search-Api-BuildTests\iVectorOne-Search-Api-BuildTests.csproj", "{4D869CD6-36ED-4CE6-AA73-F9E7B4D66F34}"
EndProject
Project("{9A19103F-16F7-4668-BE54-9A1E7A4F7556}") = "iVectorOne-Admin-Api", "src\iVectorOne-Admin-Api\iVectorOne-Admin-Api.csproj", "{EEE64EB3-D454-4809-8F6B-0CF0C45A9B95}"
EndProject
Project("{9A19103F-16F7-4668-BE54-9A1E7A4F7556}") = "iVectorOne.Abstractions.Tests", "tests\iVectorOne.Abstractions.Tests\iVectorOne.Abstractions.Tests.csproj", "{249B9BDC-473D-4E5E-8630-DBDE473402CD}"
EndProject
Project("{9A19103F-16F7-4668-BE54-9A1E7A4F7556}") = "iVectorOne.Services.Tests", "tests\iVectorOne.Services.Tests\iVectorOne.Services.Tests.csproj", "{F79C0757-5647-4678-8AED-268845860680}"
EndProject
Project("{9A19103F-16F7-4668-BE54-9A1E7A4F7556}") = "iVectorOne.Suppliers.TPIntegrationTests", "tests\iVectorOne.Suppliers.TPIntegrationTests\iVectorOne.Suppliers.TPIntegrationTests.csproj", "{077CDE79-49BE-4338-8B2F-5AF0C59C96A2}"
EndProject
Project("{9092AA53-FB77-4645-B42D-1CCCA6BD08BD}") = "iVectorOne-Admin-Web", "src\iVectorOne-Admin-Web\iVectorOne-Admin-Web.njsproj", "{A8C45AF8-C84B-4594-AC14-76B28705F7CC}"
EndProject
Project("{9A19103F-16F7-4668-BE54-9A1E7A4F7556}") = "iVectorOne.SDK", "src\libs\iVectorOne.SDK\iVectorOne.SDK.csproj", "{39FB36D9-96BF-449D-8BD1-63323D25A17B}"
EndProject
Project("{00D1A9C2-B5F0-4AF3-8072-F6C62B433612}") = "Telemetry", "data\Telemetry\Telemetry.sqlproj", "{BA23A014-55F0-48B4-8BA3-6F1F89442F69}"
EndProject
Project("{9A19103F-16F7-4668-BE54-9A1E7A4F7556}") = "iVectorOne.Suppliers.TransferIntegrationTests", "tests\iVectorOne.Suppliers.TransferIntegrationTests\iVectorOne.Suppliers.TransferIntegrationTests.csproj", "{22B38C29-5B0B-48C0-B8A4-C9C7849FBBF7}"
EndProject
Global
	GlobalSection(SolutionConfigurationPlatforms) = preSolution
		Debug|Any CPU = Debug|Any CPU
		Release|Any CPU = Release|Any CPU
	EndGlobalSection
	GlobalSection(ProjectConfigurationPlatforms) = postSolution
		{D279E69A-B2B1-4F94-AE3F-A1A8BAEADDBC}.Debug|Any CPU.ActiveCfg = Debug|Any CPU
		{D279E69A-B2B1-4F94-AE3F-A1A8BAEADDBC}.Debug|Any CPU.Build.0 = Debug|Any CPU
		{D279E69A-B2B1-4F94-AE3F-A1A8BAEADDBC}.Release|Any CPU.ActiveCfg = Release|Any CPU
		{D279E69A-B2B1-4F94-AE3F-A1A8BAEADDBC}.Release|Any CPU.Build.0 = Release|Any CPU
		{299BE877-52A7-4601-8E94-BF1E9D2871D9}.Debug|Any CPU.ActiveCfg = Debug|Any CPU
		{299BE877-52A7-4601-8E94-BF1E9D2871D9}.Debug|Any CPU.Build.0 = Debug|Any CPU
		{299BE877-52A7-4601-8E94-BF1E9D2871D9}.Release|Any CPU.ActiveCfg = Release|Any CPU
		{299BE877-52A7-4601-8E94-BF1E9D2871D9}.Release|Any CPU.Build.0 = Release|Any CPU
		{02A2810C-FA55-42E3-90A2-EF4BC2276A0C}.Debug|Any CPU.ActiveCfg = Debug|Any CPU
		{02A2810C-FA55-42E3-90A2-EF4BC2276A0C}.Debug|Any CPU.Build.0 = Debug|Any CPU
		{02A2810C-FA55-42E3-90A2-EF4BC2276A0C}.Release|Any CPU.ActiveCfg = Release|Any CPU
		{02A2810C-FA55-42E3-90A2-EF4BC2276A0C}.Release|Any CPU.Build.0 = Release|Any CPU
		{22E95967-E2AD-42A5-8C2E-5EFC8ADDB21A}.Debug|Any CPU.ActiveCfg = Debug|Any CPU
		{22E95967-E2AD-42A5-8C2E-5EFC8ADDB21A}.Debug|Any CPU.Build.0 = Debug|Any CPU
		{22E95967-E2AD-42A5-8C2E-5EFC8ADDB21A}.Release|Any CPU.ActiveCfg = Release|Any CPU
		{22E95967-E2AD-42A5-8C2E-5EFC8ADDB21A}.Release|Any CPU.Build.0 = Release|Any CPU
		{ED91DB50-23E7-4513-8B15-3657B43E22D8}.Debug|Any CPU.ActiveCfg = Debug|Any CPU
		{ED91DB50-23E7-4513-8B15-3657B43E22D8}.Debug|Any CPU.Build.0 = Debug|Any CPU
		{ED91DB50-23E7-4513-8B15-3657B43E22D8}.Debug|Any CPU.Deploy.0 = Debug|Any CPU
		{ED91DB50-23E7-4513-8B15-3657B43E22D8}.Release|Any CPU.ActiveCfg = Release|Any CPU
		{ED91DB50-23E7-4513-8B15-3657B43E22D8}.Release|Any CPU.Build.0 = Release|Any CPU
		{ED91DB50-23E7-4513-8B15-3657B43E22D8}.Release|Any CPU.Deploy.0 = Release|Any CPU
		{82148A50-7061-4471-B8E7-D02D8325BE68}.Debug|Any CPU.ActiveCfg = Debug|Any CPU
		{82148A50-7061-4471-B8E7-D02D8325BE68}.Debug|Any CPU.Build.0 = Debug|Any CPU
		{82148A50-7061-4471-B8E7-D02D8325BE68}.Release|Any CPU.ActiveCfg = Release|Any CPU
		{82148A50-7061-4471-B8E7-D02D8325BE68}.Release|Any CPU.Build.0 = Release|Any CPU
		{302FE861-7DA8-49CB-8766-0D19DFE6CC87}.Debug|Any CPU.ActiveCfg = Debug|Any CPU
		{302FE861-7DA8-49CB-8766-0D19DFE6CC87}.Debug|Any CPU.Build.0 = Debug|Any CPU
		{302FE861-7DA8-49CB-8766-0D19DFE6CC87}.Release|Any CPU.ActiveCfg = Release|Any CPU
		{302FE861-7DA8-49CB-8766-0D19DFE6CC87}.Release|Any CPU.Build.0 = Release|Any CPU
		{C880A92D-E1CF-4309-8EFE-A05B573A1D76}.Debug|Any CPU.ActiveCfg = Debug|Any CPU
		{C880A92D-E1CF-4309-8EFE-A05B573A1D76}.Debug|Any CPU.Build.0 = Debug|Any CPU
		{C880A92D-E1CF-4309-8EFE-A05B573A1D76}.Release|Any CPU.ActiveCfg = Release|Any CPU
		{C880A92D-E1CF-4309-8EFE-A05B573A1D76}.Release|Any CPU.Build.0 = Release|Any CPU
		{81FEEFF3-A9CD-42DE-A78C-B03D18F9C477}.Debug|Any CPU.ActiveCfg = Debug|Any CPU
		{81FEEFF3-A9CD-42DE-A78C-B03D18F9C477}.Debug|Any CPU.Build.0 = Debug|Any CPU
		{81FEEFF3-A9CD-42DE-A78C-B03D18F9C477}.Release|Any CPU.ActiveCfg = Release|Any CPU
		{81FEEFF3-A9CD-42DE-A78C-B03D18F9C477}.Release|Any CPU.Build.0 = Release|Any CPU
		{F4CCCDC6-722C-4B87-81AD-14A25A23B75B}.Debug|Any CPU.ActiveCfg = Debug|Any CPU
		{F4CCCDC6-722C-4B87-81AD-14A25A23B75B}.Debug|Any CPU.Build.0 = Debug|Any CPU
		{F4CCCDC6-722C-4B87-81AD-14A25A23B75B}.Release|Any CPU.ActiveCfg = Release|Any CPU
		{F4CCCDC6-722C-4B87-81AD-14A25A23B75B}.Release|Any CPU.Build.0 = Release|Any CPU
		{4D869CD6-36ED-4CE6-AA73-F9E7B4D66F34}.Debug|Any CPU.ActiveCfg = Debug|Any CPU
		{4D869CD6-36ED-4CE6-AA73-F9E7B4D66F34}.Debug|Any CPU.Build.0 = Debug|Any CPU
		{4D869CD6-36ED-4CE6-AA73-F9E7B4D66F34}.Release|Any CPU.ActiveCfg = Release|Any CPU
		{4D869CD6-36ED-4CE6-AA73-F9E7B4D66F34}.Release|Any CPU.Build.0 = Release|Any CPU
		{EEE64EB3-D454-4809-8F6B-0CF0C45A9B95}.Debug|Any CPU.ActiveCfg = Debug|Any CPU
		{EEE64EB3-D454-4809-8F6B-0CF0C45A9B95}.Debug|Any CPU.Build.0 = Debug|Any CPU
		{EEE64EB3-D454-4809-8F6B-0CF0C45A9B95}.Release|Any CPU.ActiveCfg = Release|Any CPU
		{EEE64EB3-D454-4809-8F6B-0CF0C45A9B95}.Release|Any CPU.Build.0 = Release|Any CPU
		{249B9BDC-473D-4E5E-8630-DBDE473402CD}.Debug|Any CPU.ActiveCfg = Debug|Any CPU
		{249B9BDC-473D-4E5E-8630-DBDE473402CD}.Debug|Any CPU.Build.0 = Debug|Any CPU
		{249B9BDC-473D-4E5E-8630-DBDE473402CD}.Release|Any CPU.ActiveCfg = Release|Any CPU
		{249B9BDC-473D-4E5E-8630-DBDE473402CD}.Release|Any CPU.Build.0 = Release|Any CPU
		{F79C0757-5647-4678-8AED-268845860680}.Debug|Any CPU.ActiveCfg = Debug|Any CPU
		{F79C0757-5647-4678-8AED-268845860680}.Debug|Any CPU.Build.0 = Debug|Any CPU
		{F79C0757-5647-4678-8AED-268845860680}.Release|Any CPU.ActiveCfg = Release|Any CPU
		{F79C0757-5647-4678-8AED-268845860680}.Release|Any CPU.Build.0 = Release|Any CPU
		{077CDE79-49BE-4338-8B2F-5AF0C59C96A2}.Debug|Any CPU.ActiveCfg = Debug|Any CPU
		{077CDE79-49BE-4338-8B2F-5AF0C59C96A2}.Debug|Any CPU.Build.0 = Debug|Any CPU
		{077CDE79-49BE-4338-8B2F-5AF0C59C96A2}.Release|Any CPU.ActiveCfg = Release|Any CPU
		{077CDE79-49BE-4338-8B2F-5AF0C59C96A2}.Release|Any CPU.Build.0 = Release|Any CPU
		{A8C45AF8-C84B-4594-AC14-76B28705F7CC}.Debug|Any CPU.ActiveCfg = Debug|Any CPU
		{A8C45AF8-C84B-4594-AC14-76B28705F7CC}.Debug|Any CPU.Build.0 = Debug|Any CPU
		{A8C45AF8-C84B-4594-AC14-76B28705F7CC}.Release|Any CPU.ActiveCfg = Release|Any CPU
		{A8C45AF8-C84B-4594-AC14-76B28705F7CC}.Release|Any CPU.Build.0 = Release|Any CPU
		{39FB36D9-96BF-449D-8BD1-63323D25A17B}.Debug|Any CPU.ActiveCfg = Debug|Any CPU
		{39FB36D9-96BF-449D-8BD1-63323D25A17B}.Debug|Any CPU.Build.0 = Debug|Any CPU
		{39FB36D9-96BF-449D-8BD1-63323D25A17B}.Release|Any CPU.ActiveCfg = Release|Any CPU
		{39FB36D9-96BF-449D-8BD1-63323D25A17B}.Release|Any CPU.Build.0 = Release|Any CPU
		{BA23A014-55F0-48B4-8BA3-6F1F89442F69}.Debug|Any CPU.ActiveCfg = Debug|Any CPU
		{BA23A014-55F0-48B4-8BA3-6F1F89442F69}.Debug|Any CPU.Build.0 = Debug|Any CPU
		{BA23A014-55F0-48B4-8BA3-6F1F89442F69}.Debug|Any CPU.Deploy.0 = Debug|Any CPU
		{BA23A014-55F0-48B4-8BA3-6F1F89442F69}.Release|Any CPU.ActiveCfg = Release|Any CPU
		{BA23A014-55F0-48B4-8BA3-6F1F89442F69}.Release|Any CPU.Build.0 = Release|Any CPU
		{BA23A014-55F0-48B4-8BA3-6F1F89442F69}.Release|Any CPU.Deploy.0 = Release|Any CPU
		{22B38C29-5B0B-48C0-B8A4-C9C7849FBBF7}.Debug|Any CPU.ActiveCfg = Debug|Any CPU
		{22B38C29-5B0B-48C0-B8A4-C9C7849FBBF7}.Debug|Any CPU.Build.0 = Debug|Any CPU
		{22B38C29-5B0B-48C0-B8A4-C9C7849FBBF7}.Release|Any CPU.ActiveCfg = Release|Any CPU
		{22B38C29-5B0B-48C0-B8A4-C9C7849FBBF7}.Release|Any CPU.Build.0 = Release|Any CPU
	EndGlobalSection
	GlobalSection(SolutionProperties) = preSolution
		HideSolutionNode = FALSE
	EndGlobalSection
	GlobalSection(NestedProjects) = preSolution
		{D279E69A-B2B1-4F94-AE3F-A1A8BAEADDBC} = {BA85A50D-1C2E-44CD-A0E6-D551B8BF5893}
		{299BE877-52A7-4601-8E94-BF1E9D2871D9} = {59937DC5-0A8E-4962-961E-36469B11540A}
		{02A2810C-FA55-42E3-90A2-EF4BC2276A0C} = {59937DC5-0A8E-4962-961E-36469B11540A}
		{22E95967-E2AD-42A5-8C2E-5EFC8ADDB21A} = {59937DC5-0A8E-4962-961E-36469B11540A}
		{ED91DB50-23E7-4513-8B15-3657B43E22D8} = {0DBE9519-55A3-49D0-96C6-7A2307185BFF}
		{82148A50-7061-4471-B8E7-D02D8325BE68} = {BA85A50D-1C2E-44CD-A0E6-D551B8BF5893}
		{302FE861-7DA8-49CB-8766-0D19DFE6CC87} = {59937DC5-0A8E-4962-961E-36469B11540A}
		{C880A92D-E1CF-4309-8EFE-A05B573A1D76} = {BA85A50D-1C2E-44CD-A0E6-D551B8BF5893}
		{81FEEFF3-A9CD-42DE-A78C-B03D18F9C477} = {E8DCDF11-7AFC-476A-8966-D4EAD0B51CB1}
		{F4CCCDC6-722C-4B87-81AD-14A25A23B75B} = {E8DCDF11-7AFC-476A-8966-D4EAD0B51CB1}
		{4D869CD6-36ED-4CE6-AA73-F9E7B4D66F34} = {E8DCDF11-7AFC-476A-8966-D4EAD0B51CB1}
		{EEE64EB3-D454-4809-8F6B-0CF0C45A9B95} = {BA85A50D-1C2E-44CD-A0E6-D551B8BF5893}
		{249B9BDC-473D-4E5E-8630-DBDE473402CD} = {E8DCDF11-7AFC-476A-8966-D4EAD0B51CB1}
		{F79C0757-5647-4678-8AED-268845860680} = {E8DCDF11-7AFC-476A-8966-D4EAD0B51CB1}
		{077CDE79-49BE-4338-8B2F-5AF0C59C96A2} = {E8DCDF11-7AFC-476A-8966-D4EAD0B51CB1}
		{A8C45AF8-C84B-4594-AC14-76B28705F7CC} = {BA85A50D-1C2E-44CD-A0E6-D551B8BF5893}
		{39FB36D9-96BF-449D-8BD1-63323D25A17B} = {59937DC5-0A8E-4962-961E-36469B11540A}
		{BA23A014-55F0-48B4-8BA3-6F1F89442F69} = {0DBE9519-55A3-49D0-96C6-7A2307185BFF}
		{22B38C29-5B0B-48C0-B8A4-C9C7849FBBF7} = {E8DCDF11-7AFC-476A-8966-D4EAD0B51CB1}
	EndGlobalSection
	GlobalSection(ExtensibilityGlobals) = postSolution
		SolutionGuid = {E09F98E5-5FF9-47FE-B902-E112B0484012}
	EndGlobalSection
EndGlobal
